
Microsoft Visual Studio Solution File, Format Version 12.00
# Visual Studio Version 17
VisualStudioVersion = 17.2.32526.322
MinimumVisualStudioVersion = 10.0.40219.1
Project("{FAE04EC0-301F-11D3-BF4B-00C04F79EFBC}") = "ConsoleApp1", "ConsoleApp1\ConsoleApp1.csproj", "{79016D0A-875F-4EBD-BB84-AC089D7491B3}"
EndProject
Global
	GlobalSection(SolutionConfigurationPlatforms) = preSolution
		Debug|Any CPU = Debug|Any CPU
		Release|Any CPU = Release|Any CPU
	EndGlobalSection
	GlobalSection(ProjectConfigurationPlatforms) = postSolution
		{79016D0A-875F-4EBD-BB84-AC089D7491B3}.Debug|Any CPU.ActiveCfg = Debug|Any CPU
		{79016D0A-875F-4EBD-BB84-AC089D7491B3}.Debug|Any CPU.Build.0 = Debug|Any CPU
		{79016D0A-875F-4EBD-BB84-AC089D7491B3}.Release|Any CPU.ActiveCfg = Release|Any CPU
		{79016D0A-875F-4EBD-BB84-AC089D7491B3}.Release|Any CPU.Build.0 = Release|Any CPU
	EndGlobalSection
	GlobalSection(SolutionProperties) = preSolution
		HideSolutionNode = FALSE
	EndGlobalSection
	GlobalSection(ExtensibilityGlobals) = postSolution
		SolutionGuid = {BA48115D-A627-4E06-B5EE-EE08C4664E09}
	EndGlobalSection
EndGlobal
